PODS:
  - Alamofire (4.5.1)
  - AWSCognito (2.6.1):
    - AWSCore (= 2.6.1)
  - AWSCognitoIdentityProvider (2.6.1):
    - AWSCore (= 2.6.1)
  - AWSCore (2.6.1)
  - AWSS3 (2.6.1):
    - AWSCore (= 2.6.1)
  - IQAudioRecorderController (1.2.1):
    - SCSiriWaveformView
  - JSONParserSwift (1.1.3)
  - SCSiriWaveformView (1.1.1)
  - SwiftyJSON (3.1.4)

DEPENDENCIES:
  - Alamofire
  - AWSCognito
  - AWSCognitoIdentityProvider
  - AWSS3
  - IQAudioRecorderController (~> 1.2)
  - JSONParserSwift
  - SwiftyJSON

SPEC CHECKSUMS:
  Alamofire: 2d95912bf4c34f164fdfc335872e8c312acaea4a
  AWSCognito: 9aad635e11de0febf026e8a8acbbd345b2016801
  AWSCognitoIdentityProvider: a335678a0024fa2b44213bc4e86b46b21773e567
  AWSCore: e7d37fa0715def975acf1b0d75556576780088b8
  AWSS3: 2e18ede28199a5530955dc1a65434da43dcc4d2c
  IQAudioRecorderController: 4db6e53d6b4e7134d156c4d4b7822a8595632a1d
  JSONParserSwift: 4eb72faa318c76d33fe3d1141f531b3d69132b43
  SCSiriWaveformView: 15b9dd6f94c7536e2032b34a35c6ff74d38c7411
  SwiftyJSON: c2842d878f95482ffceec5709abc3d05680c0220

PODFILE CHECKSUM: d32720b65967f30dddd9ba291ed66bb5a458d842

COCOAPODS: 1.3.1
