// !$*UTF8*$!
{
	archiveVersion = 1;
	classes = {
	};
	objectVersion = 46;
	objects = {

/* Begin PBXBuildFile section */
		08B9783096711F35A0474451 /* Pods_Rhyme_DiceTests.framework in Frameworks */ = {isa = PBXBuildFile; fileRef = 0006128A58A32B0EB7AFE6BC /* Pods_Rhyme_DiceTests.framework */; };
		167C36291F610E11002A796F /* Sit Low.mp3 in Resources */ = {isa = PBXBuildFile; fileRef = 167C36281F610E11002A796F /* Sit Low.mp3 */; };
		167C362B1F610E23002A796F /* Jungle.mp3 in Resources */ = {isa = PBXBuildFile; fileRef = 167C362A1F610E23002A796F /* Jungle.mp3 */; };
		167C362D1F610E3B002A796F /* Bipolar.mp3 in Resources */ = {isa = PBXBuildFile; fileRef = 167C362C1F610E3B002A796F /* Bipolar.mp3 */; };
		167C36311F610E6D002A796F /* Thizzle Dance.mp3 in Resources */ = {isa = PBXBuildFile; fileRef = 167C36301F610E6D002A796F /* Thizzle Dance.mp3 */; };
		167C36331F610E7C002A796F /* Ride to It.mp3 in Resources */ = {isa = PBXBuildFile; fileRef = 167C36321F610E7C002A796F /* Ride to It.mp3 */; };
		167C36351F610E8F002A796F /* Not My Job.mp3 in Resources */ = {isa = PBXBuildFile; fileRef = 167C36341F610E8F002A796F /* Not My Job.mp3 */; };
		167C36371F610EA3002A796F /* She Only Sees.mp3 in Resources */ = {isa = PBXBuildFile; fileRef = 167C36361F610EA3002A796F /* She Only Sees.mp3 */; };
		167C36391F610EC4002A796F /* Get Stupid.mp3 in Resources */ = {isa = PBXBuildFile; fileRef = 167C36381F610EC4002A796F /* Get Stupid.mp3 */; };
		167C363B1F61AD3D002A796F /* VideoBackgroundController.swift in Sources */ = {isa = PBXBuildFile; fileRef = 167C363A1F61AD3D002A796F /* VideoBackgroundController.swift */; };
		16B00E311F5F410900A1429E /* AppDelegate.swift in Sources */ = {isa = PBXBuildFile; fileRef = 16B00E301F5F410900A1429E /* AppDelegate.swift */; };
		16B00E331F5F410900A1429E /* RootViewController.swift in Sources */ = {isa = PBXBuildFile; fileRef = 16B00E321F5F410900A1429E /* RootViewController.swift */; };
		16B00E371F5F410900A1429E /* ModelController.swift in Sources */ = {isa = PBXBuildFile; fileRef = 16B00E361F5F410900A1429E /* ModelController.swift */; };
		16B00E3A1F5F410900A1429E /* Main.storyboard in Resources */ = {isa = PBXBuildFile; fileRef = 16B00E381F5F410900A1429E /* Main.storyboard */; };
		16B00E3C1F5F410900A1429E /* Images.xcassets in Resources */ = {isa = PBXBuildFile; fileRef = 16B00E3B1F5F410900A1429E /* Images.xcassets */; };
		16B00E3F1F5F410900A1429E /* LaunchScreen.storyboard in Resources */ = {isa = PBXBuildFile; fileRef = 16B00E3D1F5F410900A1429E /* LaunchScreen.storyboard */; };
		16B00E4A1F5F410900A1429E /* Rhyme_DiceTests.swift in Sources */ = {isa = PBXBuildFile; fileRef = 16B00E491F5F410900A1429E /* Rhyme_DiceTests.swift */; };
		16B00E551F5F410900A1429E /* Rhyme_DiceUITests.swift in Sources */ = {isa = PBXBuildFile; fileRef = 16B00E541F5F410900A1429E /* Rhyme_DiceUITests.swift */; };
		16B00E6A1F5F6BF700A1429E /* DiceController.swift in Sources */ = {isa = PBXBuildFile; fileRef = 16B00E691F5F6BF700A1429E /* DiceController.swift */; };
		16B00E6C1F607F9D00A1429E /* Wipe Me Down.mp3 in Resources */ = {isa = PBXBuildFile; fileRef = 16B00E6B1F607F9D00A1429E /* Wipe Me Down.mp3 */; };
		16B00E6E1F6081AB00A1429E /* PlayerController.swift in Sources */ = {isa = PBXBuildFile; fileRef = 16B00E6D1F6081AB00A1429E /* PlayerController.swift */; };
		16B00E721F608EAC00A1429E /* Ice Cream Paint Job.mp3 in Resources */ = {isa = PBXBuildFile; fileRef = 16B00E6F1F608EAC00A1429E /* Ice Cream Paint Job.mp3 */; };
		16B00E731F608EAC00A1429E /* Special Herbs 01.mp3 in Resources */ = {isa = PBXBuildFile; fileRef = 16B00E701F608EAC00A1429E /* Special Herbs 01.mp3 */; };
		16B00E741F608EAC00A1429E /* Go DJ.mp3 in Resources */ = {isa = PBXBuildFile; fileRef = 16B00E711F608EAC00A1429E /* Go DJ.mp3 */; };
		16D030F21F6CE13A00718A69 /* CropAudioController.m in Sources */ = {isa = PBXBuildFile; fileRef = 16D030F11F6CE13A00718A69 /* CropAudioController.m */; };
		16DCCED91F61BAB5004A1180 /* RhymeDiceIntro.mov in Resources */ = {isa = PBXBuildFile; fileRef = 16DCCED81F61BAB5004A1180 /* RhymeDiceIntro.mov */; };
		16DCCEDB1F622FFE004A1180 /* RecordingsController.swift in Sources */ = {isa = PBXBuildFile; fileRef = 16DCCEDA1F622FFE004A1180 /* RecordingsController.swift */; };
		16DCCEDD1F649A8C004A1180 /* Recording.swift in Sources */ = {isa = PBXBuildFile; fileRef = 16DCCEDC1F649A8C004A1180 /* Recording.swift */; };
		16DCCEDF1F65C474004A1180 /* DataViewController.swift in Sources */ = {isa = PBXBuildFile; fileRef = 16DCCEDE1F65C474004A1180 /* DataViewController.swift */; };
		16FBADF91F688A570000AE8B /* ParsableWords.swift in Sources */ = {isa = PBXBuildFile; fileRef = 16FBADF81F688A570000AE8B /* ParsableWords.swift */; };
		16FBAE001F68970B0000AE8B /* AppDelegate.swift in Sources */ = {isa = PBXBuildFile; fileRef = 16B00E301F5F410900A1429E /* AppDelegate.swift */; };
		16FBAE011F68970C0000AE8B /* AppDelegate.swift in Sources */ = {isa = PBXBuildFile; fileRef = 16B00E301F5F410900A1429E /* AppDelegate.swift */; };
		16FBAE051F68BF870000AE8B /* ARController.swift in Sources */ = {isa = PBXBuildFile; fileRef = 16FBAE041F68BF870000AE8B /* ARController.swift */; };
		A08A7175A3F3C651BA9D09BE /* Pods_Rhyme_DiceUITests.framework in Frameworks */ = {isa = PBXBuildFile; fileRef = 9A54E578B6E81393D0806198 /* Pods_Rhyme_DiceUITests.framework */; };
		A5138287C7C726D7C243B9E9 /* Pods_Rhyme_Dice.framework in Frameworks */ = {isa = PBXBuildFile; fileRef = 58760A473014AEBDB729C821 /* Pods_Rhyme_Dice.framework */; };
/* End PBXBuildFile section */

/* Begin PBXContainerItemProxy section */
		16B00E461F5F410900A1429E /* PBXContainerItemProxy */ = {
			isa = PBXContainerItemProxy;
			containerPortal = 16B00E251F5F410900A1429E /* Project object */;
			proxyType = 1;
			remoteGlobalIDString = 16B00E2C1F5F410900A1429E;
			remoteInfo = "Rhyme-Dice";
		};
		16B00E511F5F410900A1429E /* PBXContainerItemProxy */ = {
			isa = PBXContainerItemProxy;
			containerPortal = 16B00E251F5F410900A1429E /* Project object */;
			proxyType = 1;
			remoteGlobalIDString = 16B00E2C1F5F410900A1429E;
			remoteInfo = "Rhyme-Dice";
		};
/* End PBXContainerItemProxy section */

/* Begin PBXFileReference section */
		0006128A58A32B0EB7AFE6BC /* Pods_Rhyme_DiceTests.framework */ = {isa = PBXFileReference; explicitFileType = wrapper.framework; includeInIndex = 0; path = Pods_Rhyme_DiceTests.framework; sourceTree = BUILT_PRODUCTS_DIR; };
		1168D20F55E2B69B1584314A /* Pods-Rhyme-DiceUITests.release.xcconfig */ = {isa = PBXFileReference; includeInIndex = 1; lastKnownFileType = text.xcconfig; name = "Pods-Rhyme-DiceUITests.release.xcconfig"; path = "Pods/Target Support Files/Pods-Rhyme-DiceUITests/Pods-Rhyme-DiceUITests.release.xcconfig"; sourceTree = "<group>"; };
		167C36281F610E11002A796F /* Sit Low.mp3 */ = {isa = PBXFileReference; lastKnownFileType = audio.mp3; name = "Sit Low.mp3"; path = "../../../../../../Downloads/Sit Low.mp3"; sourceTree = "<group>"; };
		167C362A1F610E23002A796F /* Jungle.mp3 */ = {isa = PBXFileReference; lastKnownFileType = audio.mp3; name = Jungle.mp3; path = ../../../../../../Downloads/Jungle.mp3; sourceTree = "<group>"; };
		167C362C1F610E3B002A796F /* Bipolar.mp3 */ = {isa = PBXFileReference; lastKnownFileType = audio.mp3; name = Bipolar.mp3; path = ../../../../../../Downloads/Bipolar.mp3; sourceTree = "<group>"; };
		167C36301F610E6D002A796F /* Thizzle Dance.mp3 */ = {isa = PBXFileReference; lastKnownFileType = audio.mp3; name = "Thizzle Dance.mp3"; path = "../../../../../../Downloads/Thizzle Dance.mp3"; sourceTree = "<group>"; };
		167C36321F610E7C002A796F /* Ride to It.mp3 */ = {isa = PBXFileReference; lastKnownFileType = audio.mp3; name = "Ride to It.mp3"; path = "../../../../../../Downloads/Ride to It.mp3"; sourceTree = "<group>"; };
		167C36341F610E8F002A796F /* Not My Job.mp3 */ = {isa = PBXFileReference; lastKnownFileType = audio.mp3; name = "Not My Job.mp3"; path = "../../../../../../Downloads/Not My Job.mp3"; sourceTree = "<group>"; };
		167C36361F610EA3002A796F /* She Only Sees.mp3 */ = {isa = PBXFileReference; lastKnownFileType = audio.mp3; name = "She Only Sees.mp3"; path = "../../../../../../Downloads/She Only Sees.mp3"; sourceTree = "<group>"; };
		167C36381F610EC4002A796F /* Get Stupid.mp3 */ = {isa = PBXFileReference; lastKnownFileType = audio.mp3; name = "Get Stupid.mp3"; path = "../../../../../../Downloads/Get Stupid.mp3"; sourceTree = "<group>"; };
		167C363A1F61AD3D002A796F /* VideoBackgroundController.swift */ = {isa = PBXFileReference; fileEncoding = 4; lastKnownFileType = sourcecode.swift; path = VideoBackgroundController.swift; sourceTree = "<group>"; };
		16B00E2D1F5F410900A1429E /* Rhyme-Dice.app */ = {isa = PBXFileReference; explicitFileType = wrapper.application; includeInIndex = 0; path = "Rhyme-Dice.app"; sourceTree = BUILT_PRODUCTS_DIR; };
		16B00E301F5F410900A1429E /* AppDelegate.swift */ = {isa = PBXFileReference; lastKnownFileType = sourcecode.swift; path = AppDelegate.swift; sourceTree = "<group>"; };
		16B00E321F5F410900A1429E /* RootViewController.swift */ = {isa = PBXFileReference; lastKnownFileType = sourcecode.swift; path = RootViewController.swift; sourceTree = "<group>"; };
		16B00E361F5F410900A1429E /* ModelController.swift */ = {isa = PBXFileReference; lastKnownFileType = sourcecode.swift; path = ModelController.swift; sourceTree = "<group>"; };
		16B00E391F5F410900A1429E /* Base */ = {isa = PBXFileReference; lastKnownFileType = file.storyboard; name = Base; path = Base.lproj/Main.storyboard; sourceTree = "<group>"; };
		16B00E3B1F5F410900A1429E /* Images.xcassets */ = {isa = PBXFileReference; lastKnownFileType = folder.assetcatalog; path = Images.xcassets; sourceTree = "<group>"; };
		16B00E3E1F5F410900A1429E /* Base */ = {isa = PBXFileReference; lastKnownFileType = file.storyboard; name = Base; path = Base.lproj/LaunchScreen.storyboard; sourceTree = "<group>"; };
		16B00E401F5F410900A1429E /* Info.plist */ = {isa = PBXFileReference; lastKnownFileType = text.plist.xml; path = Info.plist; sourceTree = "<group>"; };
		16B00E451F5F410900A1429E /* Rhyme-DiceTests.xctest */ = {isa = PBXFileReference; explicitFileType = wrapper.cfbundle; includeInIndex = 0; path = "Rhyme-DiceTests.xctest"; sourceTree = BUILT_PRODUCTS_DIR; };
		16B00E491F5F410900A1429E /* Rhyme_DiceTests.swift */ = {isa = PBXFileReference; lastKnownFileType = sourcecode.swift; path = Rhyme_DiceTests.swift; sourceTree = "<group>"; };
		16B00E4B1F5F410900A1429E /* Info.plist */ = {isa = PBXFileReference; lastKnownFileType = text.plist.xml; path = Info.plist; sourceTree = "<group>"; };
		16B00E501F5F410900A1429E /* Rhyme-DiceUITests.xctest */ = {isa = PBXFileReference; explicitFileType = wrapper.cfbundle; includeInIndex = 0; path = "Rhyme-DiceUITests.xctest"; sourceTree = BUILT_PRODUCTS_DIR; };
		16B00E541F5F410900A1429E /* Rhyme_DiceUITests.swift */ = {isa = PBXFileReference; lastKnownFileType = sourcecode.swift; path = Rhyme_DiceUITests.swift; sourceTree = "<group>"; };
		16B00E561F5F410900A1429E /* Info.plist */ = {isa = PBXFileReference; lastKnownFileType = text.plist.xml; path = Info.plist; sourceTree = "<group>"; };
		16B00E691F5F6BF700A1429E /* DiceController.swift */ = {isa = PBXFileReference; fileEncoding = 4; lastKnownFileType = sourcecode.swift; path = DiceController.swift; sourceTree = "<group>"; };
		16B00E6B1F607F9D00A1429E /* Wipe Me Down.mp3 */ = {isa = PBXFileReference; lastKnownFileType = audio.mp3; name = "Wipe Me Down.mp3"; path = "../../../../../../Downloads/Wipe Me Down.mp3"; sourceTree = "<group>"; };
		16B00E6D1F6081AB00A1429E /* PlayerController.swift */ = {isa = PBXFileReference; fileEncoding = 4; lastKnownFileType = sourcecode.swift; path = PlayerController.swift; sourceTree = "<group>"; };
		16B00E6F1F608EAC00A1429E /* Ice Cream Paint Job.mp3 */ = {isa = PBXFileReference; lastKnownFileType = audio.mp3; name = "Ice Cream Paint Job.mp3"; path = "../../../../../../Downloads/Ice Cream Paint Job.mp3"; sourceTree = "<group>"; };
		16B00E701F608EAC00A1429E /* Special Herbs 01.mp3 */ = {isa = PBXFileReference; lastKnownFileType = audio.mp3; name = "Special Herbs 01.mp3"; path = "../../../../../../Downloads/Special Herbs 01.mp3"; sourceTree = "<group>"; };
		16B00E711F608EAC00A1429E /* Go DJ.mp3 */ = {isa = PBXFileReference; lastKnownFileType = audio.mp3; name = "Go DJ.mp3"; path = "../../../../../../Downloads/Go DJ.mp3"; sourceTree = "<group>"; };
		16D030F01F6CE13A00718A69 /* Rhyme-Dice-Bridging-Header.h */ = {isa = PBXFileReference; lastKnownFileType = sourcecode.c.h; path = "Rhyme-Dice-Bridging-Header.h"; sourceTree = "<group>"; };
		16D030F11F6CE13A00718A69 /* CropAudioController.m */ = {isa = PBXFileReference; lastKnownFileType = sourcecode.c.objc; path = CropAudioController.m; sourceTree = "<group>"; };
		16D030F31F6CE2D500718A69 /* IQAudioRecorderController */ = {isa = PBXFileReference; lastKnownFileType = folder; path = IQAudioRecorderController; sourceTree = "<group>"; };
		16DCCED81F61BAB5004A1180 /* RhymeDiceIntro.mov */ = {isa = PBXFileReference; lastKnownFileType = video.quicktime; name = RhymeDiceIntro.mov; path = ../../../../../../Desktop/RhymeDiceIntro.mov; sourceTree = "<group>"; };
		16DCCEDA1F622FFE004A1180 /* RecordingsController.swift */ = {isa = PBXFileReference; fileEncoding = 4; lastKnownFileType = sourcecode.swift; path = RecordingsController.swift; sourceTree = "<group>"; };
		16DCCEDC1F649A8C004A1180 /* Recording.swift */ = {isa = PBXFileReference; fileEncoding = 4; lastKnownFileType = sourcecode.swift; path = Recording.swift; sourceTree = "<group>"; };
		16DCCEDE1F65C474004A1180 /* DataViewController.swift */ = {isa = PBXFileReference; fileEncoding = 4; lastKnownFileType = sourcecode.swift; name = DataViewController.swift; path = ../../../../../../.Trash/DataViewController.swift; sourceTree = "<group>"; };
		16FBADF81F688A570000AE8B /* ParsableWords.swift */ = {isa = PBXFileReference; fileEncoding = 4; lastKnownFileType = sourcecode.swift; path = ParsableWords.swift; sourceTree = "<group>"; };
		16FBAE041F68BF870000AE8B /* ARController.swift */ = {isa = PBXFileReference; fileEncoding = 4; lastKnownFileType = sourcecode.swift; path = ARController.swift; sourceTree = "<group>"; };
		16FBAE061F68F5F90000AE8B /* MediaPlayer.framework */ = {isa = PBXFileReference; lastKnownFileType = wrapper.framework; name = MediaPlayer.framework; path = System/Library/Frameworks/MediaPlayer.framework; sourceTree = SDKROOT; };
		16FBAE081F68F6350000AE8B /* MediaToolbox.framework */ = {isa = PBXFileReference; lastKnownFileType = wrapper.framework; name = MediaToolbox.framework; path = System/Library/Frameworks/MediaToolbox.framework; sourceTree = SDKROOT; };
		1B1009ACE46FD823CB090D15 /* Pods-Rhyme-DiceTests.release.xcconfig */ = {isa = PBXFileReference; includeInIndex = 1; lastKnownFileType = text.xcconfig; name = "Pods-Rhyme-DiceTests.release.xcconfig"; path = "Pods/Target Support Files/Pods-Rhyme-DiceTests/Pods-Rhyme-DiceTests.release.xcconfig"; sourceTree = "<group>"; };
		4A4F4D348DF55AAD6EA14B3B /* Pods-Rhyme-DiceUITests.debug.xcconfig */ = {isa = PBXFileReference; includeInIndex = 1; lastKnownFileType = text.xcconfig; name = "Pods-Rhyme-DiceUITests.debug.xcconfig"; path = "Pods/Target Support Files/Pods-Rhyme-DiceUITests/Pods-Rhyme-DiceUITests.debug.xcconfig"; sourceTree = "<group>"; };
		4AA3C6474247E4F3E936B044 /* Pods-Rhyme-DiceTests.debug.xcconfig */ = {isa = PBXFileReference; includeInIndex = 1; lastKnownFileType = text.xcconfig; name = "Pods-Rhyme-DiceTests.debug.xcconfig"; path = "Pods/Target Support Files/Pods-Rhyme-DiceTests/Pods-Rhyme-DiceTests.debug.xcconfig"; sourceTree = "<group>"; };
		58760A473014AEBDB729C821 /* Pods_Rhyme_Dice.framework */ = {isa = PBXFileReference; explicitFileType = wrapper.framework; includeInIndex = 0; path = Pods_Rhyme_Dice.framework; sourceTree = BUILT_PRODUCTS_DIR; };
		78B5A5CAF2F5A9A8C7E38972 /* Pods-Rhyme-Dice.debug.xcconfig */ = {isa = PBXFileReference; includeInIndex = 1; lastKnownFileType = text.xcconfig; name = "Pods-Rhyme-Dice.debug.xcconfig"; path = "Pods/Target Support Files/Pods-Rhyme-Dice/Pods-Rhyme-Dice.debug.xcconfig"; sourceTree = "<group>"; };
		9A54E578B6E81393D0806198 /* Pods_Rhyme_DiceUITests.framework */ = {isa = PBXFileReference; explicitFileType = wrapper.framework; includeInIndex = 0; path = Pods_Rhyme_DiceUITests.framework; sourceTree = BUILT_PRODUCTS_DIR; };
		A6FEC88E7E03A6CB262EF32F /* Pods-Rhyme-Dice.release.xcconfig */ = {isa = PBXFileReference; includeInIndex = 1; lastKnownFileType = text.xcconfig; name = "Pods-Rhyme-Dice.release.xcconfig"; path = "Pods/Target Support Files/Pods-Rhyme-Dice/Pods-Rhyme-Dice.release.xcconfig"; sourceTree = "<group>"; };
/* End PBXFileReference section */

/* Begin PBXFrameworksBuildPhase section */
		16B00E2A1F5F410900A1429E /* Frameworks */ = {
			isa = PBXFrameworksBuildPhase;
			buildActionMask = 2147483647;
			files = (
				A5138287C7C726D7C243B9E9 /* Pods_Rhyme_Dice.framework in Frameworks */,
			);
			runOnlyForDeploymentPostprocessing = 0;
		};
		16B00E421F5F410900A1429E /* Frameworks */ = {
			isa = PBXFrameworksBuildPhase;
			buildActionMask = 2147483647;
			files = (
				08B9783096711F35A0474451 /* Pods_Rhyme_DiceTests.framework in Frameworks */,
			);
			runOnlyForDeploymentPostprocessing = 0;
		};
		16B00E4D1F5F410900A1429E /* Frameworks */ = {
			isa = PBXFrameworksBuildPhase;
			buildActionMask = 2147483647;
			files = (
				A08A7175A3F3C651BA9D09BE /* Pods_Rhyme_DiceUITests.framework in Frameworks */,
			);
			runOnlyForDeploymentPostprocessing = 0;
		};
/* End PBXFrameworksBuildPhase section */

/* Begin PBXGroup section */
		16B00E241F5F410900A1429E = {
			isa = PBXGroup;
			children = (
				16B00E2F1F5F410900A1429E /* Rhyme-Dice */,
				16B00E481F5F410900A1429E /* Rhyme-DiceTests */,
				16B00E531F5F410900A1429E /* Rhyme-DiceUITests */,
				16B00E2E1F5F410900A1429E /* Products */,
				FC7A0612F9B2D6A09118B59E /* Pods */,
				3AD47EF3F67C4B90A684B54D /* Frameworks */,
			);
			sourceTree = "<group>";
		};
		16B00E2E1F5F410900A1429E /* Products */ = {
			isa = PBXGroup;
			children = (
				16B00E2D1F5F410900A1429E /* Rhyme-Dice.app */,
				16B00E451F5F410900A1429E /* Rhyme-DiceTests.xctest */,
				16B00E501F5F410900A1429E /* Rhyme-DiceUITests.xctest */,
			);
			name = Products;
			sourceTree = "<group>";
		};
		16B00E2F1F5F410900A1429E /* Rhyme-Dice */ = {
			isa = PBXGroup;
			children = (
				16B00E631F5F41FF00A1429E /* Model */,
				16B00E641F5F420500A1429E /* View */,
				16B00E651F5F420B00A1429E /* Controller */,
				16B00E751F60901200A1429E /* Songs */,
				16B00E621F5F41CC00A1429E /* SupportingFiles */,
				16DCCED71F61BA96004A1180 /* Media */,
			);
			path = "Rhyme-Dice";
			sourceTree = "<group>";
		};
		16B00E481F5F410900A1429E /* Rhyme-DiceTests */ = {
			isa = PBXGroup;
			children = (
				16B00E491F5F410900A1429E /* Rhyme_DiceTests.swift */,
				16B00E4B1F5F410900A1429E /* Info.plist */,
			);
			path = "Rhyme-DiceTests";
			sourceTree = "<group>";
		};
		16B00E531F5F410900A1429E /* Rhyme-DiceUITests */ = {
			isa = PBXGroup;
			children = (
				16B00E541F5F410900A1429E /* Rhyme_DiceUITests.swift */,
				16B00E561F5F410900A1429E /* Info.plist */,
			);
			path = "Rhyme-DiceUITests";
			sourceTree = "<group>";
		};
		16B00E621F5F41CC00A1429E /* SupportingFiles */ = {
			isa = PBXGroup;
			children = (
				16B00E401F5F410900A1429E /* Info.plist */,
			);
			name = SupportingFiles;
			sourceTree = "<group>";
		};
		16B00E631F5F41FF00A1429E /* Model */ = {
			isa = PBXGroup;
			children = (
				16DCCEDC1F649A8C004A1180 /* Recording.swift */,
			);
			name = Model;
			sourceTree = "<group>";
		};
		16B00E641F5F420500A1429E /* View */ = {
			isa = PBXGroup;
			children = (
				16B00E381F5F410900A1429E /* Main.storyboard */,
				16B00E3D1F5F410900A1429E /* LaunchScreen.storyboard */,
				16B00E3B1F5F410900A1429E /* Images.xcassets */,
			);
			name = View;
			sourceTree = "<group>";
		};
		16B00E651F5F420B00A1429E /* Controller */ = {
			isa = PBXGroup;
			children = (
				16D030F31F6CE2D500718A69 /* IQAudioRecorderController */,
				16B00E361F5F410900A1429E /* ModelController.swift */,
				16DCCEDE1F65C474004A1180 /* DataViewController.swift */,
				16B00E321F5F410900A1429E /* RootViewController.swift */,
				16B00E301F5F410900A1429E /* AppDelegate.swift */,
				16B00E691F5F6BF700A1429E /* DiceController.swift */,
				16B00E6D1F6081AB00A1429E /* PlayerController.swift */,
				167C363A1F61AD3D002A796F /* VideoBackgroundController.swift */,
				16DCCEDA1F622FFE004A1180 /* RecordingsController.swift */,
				16FBADF81F688A570000AE8B /* ParsableWords.swift */,
				16FBAE041F68BF870000AE8B /* ARController.swift */,
				16D030F11F6CE13A00718A69 /* CropAudioController.m */,
				16D030F01F6CE13A00718A69 /* Rhyme-Dice-Bridging-Header.h */,
			);
			name = Controller;
			sourceTree = "<group>";
		};
		16B00E751F60901200A1429E /* Songs */ = {
			isa = PBXGroup;
			children = (
				167C362A1F610E23002A796F /* Jungle.mp3 */,
				167C362C1F610E3B002A796F /* Bipolar.mp3 */,
				167C36301F610E6D002A796F /* Thizzle Dance.mp3 */,
				167C36281F610E11002A796F /* Sit Low.mp3 */,
				16B00E6F1F608EAC00A1429E /* Ice Cream Paint Job.mp3 */,
				167C36321F610E7C002A796F /* Ride to It.mp3 */,
				16B00E701F608EAC00A1429E /* Special Herbs 01.mp3 */,
				167C36381F610EC4002A796F /* Get Stupid.mp3 */,
				16B00E711F608EAC00A1429E /* Go DJ.mp3 */,
				16B00E6B1F607F9D00A1429E /* Wipe Me Down.mp3 */,
				167C36341F610E8F002A796F /* Not My Job.mp3 */,
				167C36361F610EA3002A796F /* She Only Sees.mp3 */,
			);
			name = Songs;
			sourceTree = "<group>";
		};
		16DCCED71F61BA96004A1180 /* Media */ = {
			isa = PBXGroup;
			children = (
				16DCCED81F61BAB5004A1180 /* RhymeDiceIntro.mov */,
			);
			name = Media;
			sourceTree = "<group>";
		};
		3AD47EF3F67C4B90A684B54D /* Frameworks */ = {
			isa = PBXGroup;
			children = (
				16FBAE081F68F6350000AE8B /* MediaToolbox.framework */,
				16FBAE061F68F5F90000AE8B /* MediaPlayer.framework */,
				58760A473014AEBDB729C821 /* Pods_Rhyme_Dice.framework */,
				0006128A58A32B0EB7AFE6BC /* Pods_Rhyme_DiceTests.framework */,
				9A54E578B6E81393D0806198 /* Pods_Rhyme_DiceUITests.framework */,
			);
			name = Frameworks;
			sourceTree = "<group>";
		};
		FC7A0612F9B2D6A09118B59E /* Pods */ = {
			isa = PBXGroup;
			children = (
				78B5A5CAF2F5A9A8C7E38972 /* Pods-Rhyme-Dice.debug.xcconfig */,
				A6FEC88E7E03A6CB262EF32F /* Pods-Rhyme-Dice.release.xcconfig */,
				4AA3C6474247E4F3E936B044 /* Pods-Rhyme-DiceTests.debug.xcconfig */,
				1B1009ACE46FD823CB090D15 /* Pods-Rhyme-DiceTests.release.xcconfig */,
				4A4F4D348DF55AAD6EA14B3B /* Pods-Rhyme-DiceUITests.debug.xcconfig */,
				1168D20F55E2B69B1584314A /* Pods-Rhyme-DiceUITests.release.xcconfig */,
			);
			name = Pods;
			sourceTree = "<group>";
		};
/* End PBXGroup section */

/* Begin PBXNativeTarget section */
		16B00E2C1F5F410900A1429E /* Rhyme-Dice */ = {
			isa = PBXNativeTarget;
			buildConfigurationList = 16B00E591F5F410900A1429E /* Build configuration list for PBXNativeTarget "Rhyme-Dice" */;
			buildPhases = (
				6CC897A95B8B7F38D362ACE4 /* [CP] Check Pods Manifest.lock */,
				16B00E291F5F410900A1429E /* Sources */,
				16B00E2A1F5F410900A1429E /* Frameworks */,
				16B00E2B1F5F410900A1429E /* Resources */,
				8BE0E10C18D3FBF9460E8CFD /* [CP] Embed Pods Frameworks */,
				F787216B5754E65292CDA77D /* [CP] Copy Pods Resources */,
			);
			buildRules = (
			);
			dependencies = (
			);
			name = "Rhyme-Dice";
			productName = "Rhyme-Dice";
			productReference = 16B00E2D1F5F410900A1429E /* Rhyme-Dice.app */;
			productType = "com.apple.product-type.application";
		};
		16B00E441F5F410900A1429E /* Rhyme-DiceTests */ = {
			isa = PBXNativeTarget;
			buildConfigurationList = 16B00E5C1F5F410900A1429E /* Build configuration list for PBXNativeTarget "Rhyme-DiceTests" */;
			buildPhases = (
				A0EEE54E7809DFC83EC0CB57 /* [CP] Check Pods Manifest.lock */,
				16B00E411F5F410900A1429E /* Sources */,
				16B00E421F5F410900A1429E /* Frameworks */,
				16B00E431F5F410900A1429E /* Resources */,
				FA27EC37FF46D97D4DF04F98 /* [CP] Embed Pods Frameworks */,
				F908CAFF082C138777C5D583 /* [CP] Copy Pods Resources */,
			);
			buildRules = (
			);
			dependencies = (
				16B00E471F5F410900A1429E /* PBXTargetDependency */,
			);
			name = "Rhyme-DiceTests";
			productName = "Rhyme-DiceTests";
			productReference = 16B00E451F5F410900A1429E /* Rhyme-DiceTests.xctest */;
			productType = "com.apple.product-type.bundle.unit-test";
		};
		16B00E4F1F5F410900A1429E /* Rhyme-DiceUITests */ = {
			isa = PBXNativeTarget;
			buildConfigurationList = 16B00E5F1F5F410900A1429E /* Build configuration list for PBXNativeTarget "Rhyme-DiceUITests" */;
			buildPhases = (
				35A7CB1E20C5B9247744F3A7 /* [CP] Check Pods Manifest.lock */,
				16B00E4C1F5F410900A1429E /* Sources */,
				16B00E4D1F5F410900A1429E /* Frameworks */,
				16B00E4E1F5F410900A1429E /* Resources */,
				67FEEC5CD42E97C505B9EEB9 /* [CP] Embed Pods Frameworks */,
				0FECCB7FFC5C356E3A5F0FD8 /* [CP] Copy Pods Resources */,
			);
			buildRules = (
			);
			dependencies = (
				16B00E521F5F410900A1429E /* PBXTargetDependency */,
			);
			name = "Rhyme-DiceUITests";
			productName = "Rhyme-DiceUITests";
			productReference = 16B00E501F5F410900A1429E /* Rhyme-DiceUITests.xctest */;
			productType = "com.apple.product-type.bundle.ui-testing";
		};
/* End PBXNativeTarget section */

/* Begin PBXProject section */
		16B00E251F5F410900A1429E /* Project object */ = {
			isa = PBXProject;
			attributes = {
				LastSwiftUpdateCheck = 0830;
				LastUpgradeCheck = 0830;
				ORGANIZATIONNAME = "Will Meier";
				TargetAttributes = {
					16B00E2C1F5F410900A1429E = {
						CreatedOnToolsVersion = 8.3.3;
						DevelopmentTeam = YHQPELT3BZ;
						LastSwiftMigration = 0900;
						ProvisioningStyle = Automatic;
						SystemCapabilities = {
							com.apple.BackgroundModes = {
								enabled = 0;
							};
						};
					};
					16B00E441F5F410900A1429E = {
						CreatedOnToolsVersion = 8.3.3;
						ProvisioningStyle = Automatic;
						TestTargetID = 16B00E2C1F5F410900A1429E;
					};
					16B00E4F1F5F410900A1429E = {
						CreatedOnToolsVersion = 8.3.3;
						ProvisioningStyle = Automatic;
						TestTargetID = 16B00E2C1F5F410900A1429E;
					};
				};
			};
			buildConfigurationList = 16B00E281F5F410900A1429E /* Build configuration list for PBXProject "Rhyme-Dice" */;
			compatibilityVersion = "Xcode 3.2";
			developmentRegion = English;
			hasScannedForEncodings = 0;
			knownRegions = (
				en,
				Base,
			);
			mainGroup = 16B00E241F5F410900A1429E;
			productRefGroup = 16B00E2E1F5F410900A1429E /* Products */;
			projectDirPath = "";
			projectRoot = "";
			targets = (
				16B00E2C1F5F410900A1429E /* Rhyme-Dice */,
				16B00E441F5F410900A1429E /* Rhyme-DiceTests */,
				16B00E4F1F5F410900A1429E /* Rhyme-DiceUITests */,
			);
		};
/* End PBXProject section */

/* Begin PBXResourcesBuildPhase section */
		16B00E2B1F5F410900A1429E /* Resources */ = {
			isa = PBXResourcesBuildPhase;
			buildActionMask = 2147483647;
			files = (
				167C36371F610EA3002A796F /* She Only Sees.mp3 in Resources */,
				167C36391F610EC4002A796F /* Get Stupid.mp3 in Resources */,
				16B00E731F608EAC00A1429E /* Special Herbs 01.mp3 in Resources */,
				167C36331F610E7C002A796F /* Ride to It.mp3 in Resources */,
				16B00E741F608EAC00A1429E /* Go DJ.mp3 in Resources */,
				167C36291F610E11002A796F /* Sit Low.mp3 in Resources */,
				167C36311F610E6D002A796F /* Thizzle Dance.mp3 in Resources */,
				167C36351F610E8F002A796F /* Not My Job.mp3 in Resources */,
				16DCCED91F61BAB5004A1180 /* RhymeDiceIntro.mov in Resources */,
				167C362B1F610E23002A796F /* Jungle.mp3 in Resources */,
				16B00E3F1F5F410900A1429E /* LaunchScreen.storyboard in Resources */,
				167C362D1F610E3B002A796F /* Bipolar.mp3 in Resources */,
				16B00E3C1F5F410900A1429E /* Images.xcassets in Resources */,
				16B00E3A1F5F410900A1429E /* Main.storyboard in Resources */,
				16B00E721F608EAC00A1429E /* Ice Cream Paint Job.mp3 in Resources */,
				16B00E6C1F607F9D00A1429E /* Wipe Me Down.mp3 in Resources */,
			);
			runOnlyForDeploymentPostprocessing = 0;
		};
		16B00E431F5F410900A1429E /* Resources */ = {
			isa = PBXResourcesBuildPhase;
			buildActionMask = 2147483647;
			files = (
			);
			runOnlyForDeploymentPostprocessing = 0;
		};
		16B00E4E1F5F410900A1429E /* Resources */ = {
			isa = PBXResourcesBuildPhase;
			buildActionMask = 2147483647;
			files = (
			);
			runOnlyForDeploymentPostprocessing = 0;
		};
/* End PBXResourcesBuildPhase section */

/* Begin PBXShellScriptBuildPhase section */
		0FECCB7FFC5C356E3A5F0FD8 /* [CP] Copy Pods Resources */ = {
			isa = PBXShellScriptBuildPhase;
			buildActionMask = 2147483647;
			files = (
			);
			inputPaths = (
			);
			name = "[CP] Copy Pods Resources";
			outputPaths = (
			);
			runOnlyForDeploymentPostprocessing = 0;
			shellPath = /bin/sh;
			shellScript = "\"${SRCROOT}/Pods/Target Support Files/Pods-Rhyme-DiceUITests/Pods-Rhyme-DiceUITests-resources.sh\"\n";
			showEnvVarsInLog = 0;
		};
		35A7CB1E20C5B9247744F3A7 /* [CP] Check Pods Manifest.lock */ = {
			isa = PBXShellScriptBuildPhase;
			buildActionMask = 2147483647;
			files = (
			);
			inputPaths = (
				"${PODS_PODFILE_DIR_PATH}/Podfile.lock",
				"${PODS_ROOT}/Manifest.lock",
			);
			name = "[CP] Check Pods Manifest.lock";
			outputPaths = (
				"$(DERIVED_FILE_DIR)/Pods-Rhyme-DiceUITests-checkManifestLockResult.txt",
			);
			runOnlyForDeploymentPostprocessing = 0;
			shellPath = /bin/sh;
			shellScript = "diff \"${PODS_PODFILE_DIR_PATH}/Podfile.lock\" \"${PODS_ROOT}/Manifest.lock\" > /dev/null\nif [ $? != 0 ] ; then\n    # print error to STDERR\n    echo \"error: The sandbox is not in sync with the Podfile.lock. Run 'pod install' or update your CocoaPods installation.\" >&2\n    exit 1\nfi\n# This output is used by Xcode 'outputs' to avoid re-running this script phase.\necho \"SUCCESS\" > \"${SCRIPT_OUTPUT_FILE_0}\"\n";
			showEnvVarsInLog = 0;
		};
		67FEEC5CD42E97C505B9EEB9 /* [CP] Embed Pods Frameworks */ = {
			isa = PBXShellScriptBuildPhase;
			buildActionMask = 2147483647;
			files = (
			);
			inputPaths = (
			);
			name = "[CP] Embed Pods Frameworks";
			outputPaths = (
			);
			runOnlyForDeploymentPostprocessing = 0;
			shellPath = /bin/sh;
			shellScript = "\"${SRCROOT}/Pods/Target Support Files/Pods-Rhyme-DiceUITests/Pods-Rhyme-DiceUITests-frameworks.sh\"\n";
			showEnvVarsInLog = 0;
		};
		6CC897A95B8B7F38D362ACE4 /* [CP] Check Pods Manifest.lock */ = {
			isa = PBXShellScriptBuildPhase;
			buildActionMask = 2147483647;
			files = (
			);
			inputPaths = (
				"${PODS_PODFILE_DIR_PATH}/Podfile.lock",
				"${PODS_ROOT}/Manifest.lock",
			);
			name = "[CP] Check Pods Manifest.lock";
			outputPaths = (
				"$(DERIVED_FILE_DIR)/Pods-Rhyme-Dice-checkManifestLockResult.txt",
			);
			runOnlyForDeploymentPostprocessing = 0;
			shellPath = /bin/sh;
			shellScript = "diff \"${PODS_PODFILE_DIR_PATH}/Podfile.lock\" \"${PODS_ROOT}/Manifest.lock\" > /dev/null\nif [ $? != 0 ] ; then\n    # print error to STDERR\n    echo \"error: The sandbox is not in sync with the Podfile.lock. Run 'pod install' or update your CocoaPods installation.\" >&2\n    exit 1\nfi\n# This output is used by Xcode 'outputs' to avoid re-running this script phase.\necho \"SUCCESS\" > \"${SCRIPT_OUTPUT_FILE_0}\"\n";
			showEnvVarsInLog = 0;
		};
		8BE0E10C18D3FBF9460E8CFD /* [CP] Embed Pods Frameworks */ = {
			isa = PBXShellScriptBuildPhase;
			buildActionMask = 2147483647;
			files = (
			);
			inputPaths = (
				"${SRCROOT}/Pods/Target Support Files/Pods-Rhyme-Dice/Pods-Rhyme-Dice-frameworks.sh",
				"${BUILT_PRODUCTS_DIR}/AWSCognito/AWSCognito.framework",
				"${BUILT_PRODUCTS_DIR}/AWSCognitoIdentityProvider/AWSCognitoIdentityProvider.framework",
				"${BUILT_PRODUCTS_DIR}/AWSCore/AWSCore.framework",
				"${BUILT_PRODUCTS_DIR}/AWSS3/AWSS3.framework",
				"${BUILT_PRODUCTS_DIR}/Alamofire/Alamofire.framework",
				"${BUILT_PRODUCTS_DIR}/IQAudioRecorderController/IQAudioRecorderController.framework",
				"${BUILT_PRODUCTS_DIR}/JSONParserSwift/JSONParserSwift.framework",
				"${BUILT_PRODUCTS_DIR}/SCSiriWaveformView/SCSiriWaveformView.framework",
				"${BUILT_PRODUCTS_DIR}/SwiftyJSON/SwiftyJSON.framework",
			);
			name = "[CP] Embed Pods Frameworks";
			outputPaths = (
				"${TARGET_BUILD_DIR}/${FRAMEWORKS_FOLDER_PATH}/AWSCognito.framework",
				"${TARGET_BUILD_DIR}/${FRAMEWORKS_FOLDER_PATH}/AWSCognitoIdentityProvider.framework",
				"${TARGET_BUILD_DIR}/${FRAMEWORKS_FOLDER_PATH}/AWSCore.framework",
				"${TARGET_BUILD_DIR}/${FRAMEWORKS_FOLDER_PATH}/AWSS3.framework",
				"${TARGET_BUILD_DIR}/${FRAMEWORKS_FOLDER_PATH}/Alamofire.framework",
				"${TARGET_BUILD_DIR}/${FRAMEWORKS_FOLDER_PATH}/IQAudioRecorderController.framework",
				"${TARGET_BUILD_DIR}/${FRAMEWORKS_FOLDER_PATH}/JSONParserSwift.framework",
				"${TARGET_BUILD_DIR}/${FRAMEWORKS_FOLDER_PATH}/SCSiriWaveformView.framework",
				"${TARGET_BUILD_DIR}/${FRAMEWORKS_FOLDER_PATH}/SwiftyJSON.framework",
			);
			runOnlyForDeploymentPostprocessing = 0;
			shellPath = /bin/sh;
			shellScript = "\"${SRCROOT}/Pods/Target Support Files/Pods-Rhyme-Dice/Pods-Rhyme-Dice-frameworks.sh\"\n";
			showEnvVarsInLog = 0;
		};
		A0EEE54E7809DFC83EC0CB57 /* [CP] Check Pods Manifest.lock */ = {
			isa = PBXShellScriptBuildPhase;
			buildActionMask = 2147483647;
			files = (
			);
			inputPaths = (
				"${PODS_PODFILE_DIR_PATH}/Podfile.lock",
				"${PODS_ROOT}/Manifest.lock",
			);
			name = "[CP] Check Pods Manifest.lock";
			outputPaths = (
				"$(DERIVED_FILE_DIR)/Pods-Rhyme-DiceTests-checkManifestLockResult.txt",
			);
			runOnlyForDeploymentPostprocessing = 0;
			shellPath = /bin/sh;
			shellScript = "diff \"${PODS_PODFILE_DIR_PATH}/Podfile.lock\" \"${PODS_ROOT}/Manifest.lock\" > /dev/null\nif [ $? != 0 ] ; then\n    # print error to STDERR\n    echo \"error: The sandbox is not in sync with the Podfile.lock. Run 'pod install' or update your CocoaPods installation.\" >&2\n    exit 1\nfi\n# This output is used by Xcode 'outputs' to avoid re-running this script phase.\necho \"SUCCESS\" > \"${SCRIPT_OUTPUT_FILE_0}\"\n";
			showEnvVarsInLog = 0;
		};
		F787216B5754E65292CDA77D /* [CP] Copy Pods Resources */ = {
			isa = PBXShellScriptBuildPhase;
			buildActionMask = 2147483647;
			files = (
			);
			inputPaths = (
			);
			name = "[CP] Copy Pods Resources";
			outputPaths = (
			);
			runOnlyForDeploymentPostprocessing = 0;
			shellPath = /bin/sh;
			shellScript = "\"${SRCROOT}/Pods/Target Support Files/Pods-Rhyme-Dice/Pods-Rhyme-Dice-resources.sh\"\n";
			showEnvVarsInLog = 0;
		};
		F908CAFF082C138777C5D583 /* [CP] Copy Pods Resources */ = {
			isa = PBXShellScriptBuildPhase;
			buildActionMask = 2147483647;
			files = (
			);
			inputPaths = (
			);
			name = "[CP] Copy Pods Resources";
			outputPaths = (
			);
			runOnlyForDeploymentPostprocessing = 0;
			shellPath = /bin/sh;
			shellScript = "\"${SRCROOT}/Pods/Target Support Files/Pods-Rhyme-DiceTests/Pods-Rhyme-DiceTests-resources.sh\"\n";
			showEnvVarsInLog = 0;
		};
		FA27EC37FF46D97D4DF04F98 /* [CP] Embed Pods Frameworks */ = {
			isa = PBXShellScriptBuildPhase;
			buildActionMask = 2147483647;
			files = (
			);
			inputPaths = (
			);
			name = "[CP] Embed Pods Frameworks";
			outputPaths = (
			);
			runOnlyForDeploymentPostprocessing = 0;
			shellPath = /bin/sh;
			shellScript = "\"${SRCROOT}/Pods/Target Support Files/Pods-Rhyme-DiceTests/Pods-Rhyme-DiceTests-frameworks.sh\"\n";
			showEnvVarsInLog = 0;
		};
/* End PBXShellScriptBuildPhase section */

/* Begin PBXSourcesBuildPhase section */
		16B00E291F5F410900A1429E /* Sources */ = {
			isa = PBXSourcesBuildPhase;
			buildActionMask = 2147483647;
			files = (
				16B00E6A1F5F6BF700A1429E /* DiceController.swift in Sources */,
				16DCCEDF1F65C474004A1180 /* DataViewController.swift in Sources */,
				16D030F21F6CE13A00718A69 /* CropAudioController.m in Sources */,
				16DCCEDB1F622FFE004A1180 /* RecordingsController.swift in Sources */,
				16B00E6E1F6081AB00A1429E /* PlayerController.swift in Sources */,
				16DCCEDD1F649A8C004A1180 /* Recording.swift in Sources */,
				16B00E331F5F410900A1429E /* RootViewController.swift in Sources */,
				16FBAE051F68BF870000AE8B /* ARController.swift in Sources */,
				167C363B1F61AD3D002A796F /* VideoBackgroundController.swift in Sources */,
				16B00E371F5F410900A1429E /* ModelController.swift in Sources */,
				16B00E311F5F410900A1429E /* AppDelegate.swift in Sources */,
				16FBADF91F688A570000AE8B /* ParsableWords.swift in Sources */,
			);
			runOnlyForDeploymentPostprocessing = 0;
		};
		16B00E411F5F410900A1429E /* Sources */ = {
			isa = PBXSourcesBuildPhase;
			buildActionMask = 2147483647;
			files = (
				16FBAE001F68970B0000AE8B /* AppDelegate.swift in Sources */,
				16B00E4A1F5F410900A1429E /* Rhyme_DiceTests.swift in Sources */,
			);
			runOnlyForDeploymentPostprocessing = 0;
		};
		16B00E4C1F5F410900A1429E /* Sources */ = {
			isa = PBXSourcesBuildPhase;
			buildActionMask = 2147483647;
			files = (
				16FBAE011F68970C0000AE8B /* AppDelegate.swift in Sources */,
				16B00E551F5F410900A1429E /* Rhyme_DiceUITests.swift in Sources */,
			);
			runOnlyForDeploymentPostprocessing = 0;
		};
/* End PBXSourcesBuildPhase section */

/* Begin PBXTargetDependency section */
		16B00E471F5F410900A1429E /* PBXTargetDependency */ = {
			isa = PBXTargetDependency;
			target = 16B00E2C1F5F410900A1429E /* Rhyme-Dice */;
			targetProxy = 16B00E461F5F410900A1429E /* PBXContainerItemProxy */;
		};
		16B00E521F5F410900A1429E /* PBXTargetDependency */ = {
			isa = PBXTargetDependency;
			target = 16B00E2C1F5F410900A1429E /* Rhyme-Dice */;
			targetProxy = 16B00E511F5F410900A1429E /* PBXContainerItemProxy */;
		};
/* End PBXTargetDependency section */

/* Begin PBXVariantGroup section */
		16B00E381F5F410900A1429E /* Main.storyboard */ = {
			isa = PBXVariantGroup;
			children = (
				16B00E391F5F410900A1429E /* Base */,
			);
			name = Main.storyboard;
			sourceTree = "<group>";
		};
		16B00E3D1F5F410900A1429E /* LaunchScreen.storyboard */ = {
			isa = PBXVariantGroup;
			children = (
				16B00E3E1F5F410900A1429E /* Base */,
			);
			name = LaunchScreen.storyboard;
			sourceTree = "<group>";
		};
/* End PBXVariantGroup section */

/* Begin XCBuildConfiguration section */
		16B00E571F5F410900A1429E /* Debug */ = {
			isa = XCBuildConfiguration;
			buildSettings = {
				ALWAYS_SEARCH_USER_PATHS = NO;
				CLANG_ANALYZER_NONNULL = YES;
				CLANG_ANALYZER_NUMBER_OBJECT_CONVERSION = YES_AGGRESSIVE;
				CLANG_CXX_LANGUAGE_STANDARD = "gnu++0x";
				CLANG_CXX_LIBRARY = "libc++";
				CLANG_ENABLE_MODULES = YES;
				CLANG_ENABLE_OBJC_ARC = YES;
				CLANG_WARN_BOOL_CONVERSION = YES;
				CLANG_WARN_CONSTANT_CONVERSION = YES;
				CLANG_WARN_DIRECT_OBJC_ISA_USAGE = YES_ERROR;
				CLANG_WARN_DOCUMENTATION_COMMENTS = YES;
				CLANG_WARN_EMPTY_BODY = YES;
				CLANG_WARN_ENUM_CONVERSION = YES;
				CLANG_WARN_INFINITE_RECURSION = YES;
				CLANG_WARN_INT_CONVERSION = YES;
				CLANG_WARN_OBJC_ROOT_CLASS = YES_ERROR;
				CLANG_WARN_SUSPICIOUS_MOVE = YES;
				CLANG_WARN_UNREACHABLE_CODE = YES;
				CLANG_WARN__DUPLICATE_METHOD_MATCH = YES;
				"CODE_SIGN_IDENTITY[sdk=iphoneos*]" = "iPhone Developer";
				COPY_PHASE_STRIP = NO;
				DEBUG_INFORMATION_FORMAT = dwarf;
				ENABLE_STRICT_OBJC_MSGSEND = YES;
				ENABLE_TESTABILITY = YES;
				GCC_C_LANGUAGE_STANDARD = gnu99;
				GCC_DYNAMIC_NO_PIC = NO;
				GCC_NO_COMMON_BLOCKS = YES;
				GCC_OPTIMIZATION_LEVEL = 0;
				GCC_PREPROCESSOR_DEFINITIONS = (
					"DEBUG=1",
					"$(inherited)",
				);
				GCC_WARN_64_TO_32_BIT_CONVERSION = YES;
				GCC_WARN_ABOUT_RETURN_TYPE = YES_ERROR;
				GCC_WARN_UNDECLARED_SELECTOR = YES;
				GCC_WARN_UNINITIALIZED_AUTOS = YES_AGGRESSIVE;
				GCC_WARN_UNUSED_FUNCTION = YES;
				GCC_WARN_UNUSED_VARIABLE = YES;
				IPHONEOS_DEPLOYMENT_TARGET = 10.3;
				MTL_ENABLE_DEBUG_INFO = YES;
				ONLY_ACTIVE_ARCH = YES;
				SDKROOT = iphoneos;
				SWIFT_ACTIVE_COMPILATION_CONDITIONS = DEBUG;
				SWIFT_OPTIMIZATION_LEVEL = "-Onone";
			};
			name = Debug;
		};
		16B00E581F5F410900A1429E /* Release */ = {
			isa = XCBuildConfiguration;
			buildSettings = {
				ALWAYS_SEARCH_USER_PATHS = NO;
				CLANG_ANALYZER_NONNULL = YES;
				CLANG_ANALYZER_NUMBER_OBJECT_CONVERSION = YES_AGGRESSIVE;
				CLANG_CXX_LANGUAGE_STANDARD = "gnu++0x";
				CLANG_CXX_LIBRARY = "libc++";
				CLANG_ENABLE_MODULES = YES;
				CLANG_ENABLE_OBJC_ARC = YES;
				CLANG_WARN_BOOL_CONVERSION = YES;
				CLANG_WARN_CONSTANT_CONVERSION = YES;
				CLANG_WARN_DIRECT_OBJC_ISA_USAGE = YES_ERROR;
				CLANG_WARN_DOCUMENTATION_COMMENTS = YES;
				CLANG_WARN_EMPTY_BODY = YES;
				CLANG_WARN_ENUM_CONVERSION = YES;
				CLANG_WARN_INFINITE_RECURSION = YES;
				CLANG_WARN_INT_CONVERSION = YES;
				CLANG_WARN_OBJC_ROOT_CLASS = YES_ERROR;
				CLANG_WARN_SUSPICIOUS_MOVE = YES;
				CLANG_WARN_UNREACHABLE_CODE = YES;
				CLANG_WARN__DUPLICATE_METHOD_MATCH = YES;
				"CODE_SIGN_IDENTITY[sdk=iphoneos*]" = "iPhone Developer";
				COPY_PHASE_STRIP = NO;
				DEBUG_INFORMATION_FORMAT = "dwarf-with-dsym";
				ENABLE_NS_ASSERTIONS = NO;
				ENABLE_STRICT_OBJC_MSGSEND = YES;
				GCC_C_LANGUAGE_STANDARD = gnu99;
				GCC_NO_COMMON_BLOCKS = YES;
				GCC_WARN_64_TO_32_BIT_CONVERSION = YES;
				GCC_WARN_ABOUT_RETURN_TYPE = YES_ERROR;
				GCC_WARN_UNDECLARED_SELECTOR = YES;
				GCC_WARN_UNINITIALIZED_AUTOS = YES_AGGRESSIVE;
				GCC_WARN_UNUSED_FUNCTION = YES;
				GCC_WARN_UNUSED_VARIABLE = YES;
				IPHONEOS_DEPLOYMENT_TARGET = 10.3;
				MTL_ENABLE_DEBUG_INFO = NO;
				SDKROOT = iphoneos;
				SWIFT_OPTIMIZATION_LEVEL = "-Owholemodule";
				VALIDATE_PRODUCT = YES;
			};
			name = Release;
		};
		16B00E5A1F5F410900A1429E /* Debug */ = {
			isa = XCBuildConfiguration;
			baseConfigurationReference = 78B5A5CAF2F5A9A8C7E38972 /* Pods-Rhyme-Dice.debug.xcconfig */;
			buildSettings = {
				ASSETCATALOG_COMPILER_APPICON_NAME = AppIcon;
				CLANG_ENABLE_MODULES = YES;
				DEVELOPMENT_TEAM = YHQPELT3BZ;
				FRAMEWORK_SEARCH_PATHS = (
					"$(inherited)",
					"$(PROJECT_DIR)",
				);
				INFOPLIST_FILE = "Rhyme-Dice/Info.plist";
				LD_RUNPATH_SEARCH_PATHS = "$(inherited) @executable_path/Frameworks";
				PRODUCT_BUNDLE_IDENTIFIER = "com.willmeier.Rhyme-Dice";
				PRODUCT_NAME = "$(TARGET_NAME)";
				SWIFT_OBJC_BRIDGING_HEADER = "Rhyme-Dice/Rhyme-Dice-Bridging-Header.h";
				SWIFT_OPTIMIZATION_LEVEL = "-Onone";
				SWIFT_VERSION = 3.0;
			};
			name = Debug;
		};
		16B00E5B1F5F410900A1429E /* Release */ = {
			isa = XCBuildConfiguration;
			baseConfigurationReference = A6FEC88E7E03A6CB262EF32F /* Pods-Rhyme-Dice.release.xcconfig */;
			buildSettings = {
				ASSETCATALOG_COMPILER_APPICON_NAME = AppIcon;
				CLANG_ENABLE_MODULES = YES;
				DEVELOPMENT_TEAM = YHQPELT3BZ;
				FRAMEWORK_SEARCH_PATHS = (
					"$(inherited)",
					"$(PROJECT_DIR)",
				);
				INFOPLIST_FILE = "Rhyme-Dice/Info.plist";
				LD_RUNPATH_SEARCH_PATHS = "$(inherited) @executable_path/Frameworks";
				PRODUCT_BUNDLE_IDENTIFIER = "com.willmeier.Rhyme-Dice";
				PRODUCT_NAME = "$(TARGET_NAME)";
				SWIFT_OBJC_BRIDGING_HEADER = "Rhyme-Dice/Rhyme-Dice-Bridging-Header.h";
				SWIFT_VERSION = 3.0;
			};
			name = Release;
		};
		16B00E5D1F5F410900A1429E /* Debug */ = {
			isa = XCBuildConfiguration;
			baseConfigurationReference = 4AA3C6474247E4F3E936B044 /* Pods-Rhyme-DiceTests.debug.xcconfig */;
			buildSettings = {
				ALWAYS_EMBED_SWIFT_STANDARD_LIBRARIES = YES;
				BUNDLE_LOADER = "$(TEST_HOST)";
				INFOPLIST_FILE = "Rhyme-DiceTests/Info.plist";
				LD_RUNPATH_SEARCH_PATHS = "$(inherited) @executable_path/Frameworks @loader_path/Frameworks";
				PRODUCT_BUNDLE_IDENTIFIER = "com.willmeier.Rhyme-DiceTests";
				PRODUCT_NAME = "$(TARGET_NAME)";
				SWIFT_VERSION = 3.0;
				TEST_HOST = "$(BUILT_PRODUCTS_DIR)/Rhyme-Dice.app/Rhyme-Dice";
			};
			name = Debug;
		};
		16B00E5E1F5F410900A1429E /* Release */ = {
			isa = XCBuildConfiguration;
			baseConfigurationReference = 1B1009ACE46FD823CB090D15 /* Pods-Rhyme-DiceTests.release.xcconfig */;
			buildSettings = {
				ALWAYS_EMBED_SWIFT_STANDARD_LIBRARIES = YES;
				BUNDLE_LOADER = "$(TEST_HOST)";
				INFOPLIST_FILE = "Rhyme-DiceTests/Info.plist";
				LD_RUNPATH_SEARCH_PATHS = "$(inherited) @executable_path/Frameworks @loader_path/Frameworks";
				PRODUCT_BUNDLE_IDENTIFIER = "com.willmeier.Rhyme-DiceTests";
				PRODUCT_NAME = "$(TARGET_NAME)";
				SWIFT_VERSION = 3.0;
				TEST_HOST = "$(BUILT_PRODUCTS_DIR)/Rhyme-Dice.app/Rhyme-Dice";
			};
			name = Release;
		};
		16B00E601F5F410900A1429E /* Debug */ = {
			isa = XCBuildConfiguration;
			baseConfigurationReference = 4A4F4D348DF55AAD6EA14B3B /* Pods-Rhyme-DiceUITests.debug.xcconfig */;
			buildSettings = {
				ALWAYS_EMBED_SWIFT_STANDARD_LIBRARIES = YES;
				INFOPLIST_FILE = "Rhyme-DiceUITests/Info.plist";
				LD_RUNPATH_SEARCH_PATHS = "$(inherited) @executable_path/Frameworks @loader_path/Frameworks";
				PRODUCT_BUNDLE_IDENTIFIER = "com.willmeier.Rhyme-DiceUITests";
				PRODUCT_NAME = "$(TARGET_NAME)";
				SWIFT_VERSION = 3.0;
				TEST_TARGET_NAME = "Rhyme-Dice";
			};
			name = Debug;
		};
		16B00E611F5F410900A1429E /* Release */ = {
			isa = XCBuildConfiguration;
			baseConfigurationReference = 1168D20F55E2B69B1584314A /* Pods-Rhyme-DiceUITests.release.xcconfig */;
			buildSettings = {
				ALWAYS_EMBED_SWIFT_STANDARD_LIBRARIES = YES;
				INFOPLIST_FILE = "Rhyme-DiceUITests/Info.plist";
				LD_RUNPATH_SEARCH_PATHS = "$(inherited) @executable_path/Frameworks @loader_path/Frameworks";
				PRODUCT_BUNDLE_IDENTIFIER = "com.willmeier.Rhyme-DiceUITests";
				PRODUCT_NAME = "$(TARGET_NAME)";
				SWIFT_VERSION = 3.0;
				TEST_TARGET_NAME = "Rhyme-Dice";
			};
			name = Release;
		};
/* End XCBuildConfiguration section */

/* Begin XCConfigurationList section */
		16B00E281F5F410900A1429E /* Build configuration list for PBXProject "Rhyme-Dice" */ = {
			isa = XCConfigurationList;
			buildConfigurations = (
				16B00E571F5F410900A1429E /* Debug */,
				16B00E581F5F410900A1429E /* Release */,
			);
			defaultConfigurationIsVisible = 0;
			defaultConfigurationName = Release;
		};
		16B00E591F5F410900A1429E /* Build configuration list for PBXNativeTarget "Rhyme-Dice" */ = {
			isa = XCConfigurationList;
			buildConfigurations = (
				16B00E5A1F5F410900A1429E /* Debug */,
				16B00E5B1F5F410900A1429E /* Release */,
			);
			defaultConfigurationIsVisible = 0;
			defaultConfigurationName = Release;
		};
		16B00E5C1F5F410900A1429E /* Build configuration list for PBXNativeTarget "Rhyme-DiceTests" */ = {
			isa = XCConfigurationList;
			buildConfigurations = (
				16B00E5D1F5F410900A1429E /* Debug */,
				16B00E5E1F5F410900A1429E /* Release */,
			);
			defaultConfigurationIsVisible = 0;
			defaultConfigurationName = Release;
		};
		16B00E5F1F5F410900A1429E /* Build configuration list for PBXNativeTarget "Rhyme-DiceUITests" */ = {
			isa = XCConfigurationList;
			buildConfigurations = (
				16B00E601F5F410900A1429E /* Debug */,
				16B00E611F5F410900A1429E /* Release */,
			);
			defaultConfigurationIsVisible = 0;
			defaultConfigurationName = Release;
		};
/* End XCConfigurationList section */
	};
	rootObject = 16B00E251F5F410900A1429E /* Project object */;
}
